{
  "name": "RosewNPM",
  "lockfileVersion": 3,
  "requires": true,
  "packages": {
    "": {
      "dependencies": {
        "testteatest": "^1.0.0"
      }
    },
    "node_modules/testteatest": {
      "version": "1.0.0",
      "resolved": "https://registry.npmjs.org/testteatest/-/testteatest-1.0.0.tgz",
      "integrity": "sha512-lX9+07T42zD0AJOiVQVqN2yu4uzzCu88HUZS6cqPtqIuI7S3n0UquO64/m9gkx+RuFshk9rUFBQWBrw+mZ3dOw=="
    }
  }
}
